
Microsoft Visual Studio Solution File, Format Version 12.00
# Visual Studio Version 16
VisualStudioVersion = 16.0.33130.400
MinimumVisualStudioVersion = 10.0.40219.1
Project("{8BC9CEB8-8B4A-11D0-8D11-00A0C91BC942}") = "CNEProjectServer", "CNEProjectServer\CNEProjectServer.vcxproj", "{3467CAE3-60DE-4C02-9301-5F0A52366FE9}"
EndProject
Global
	GlobalSection(SolutionConfigurationPlatforms) = preSolution
		Debug|x64 = Debug|x64
		Debug|x86 = Debug|x86
		Release|x64 = Release|x64
		Release|x86 = Release|x86
	EndGlobalSection
	GlobalSection(ProjectConfigurationPlatforms) = postSolution
		{3467CAE3-60DE-4C02-9301-5F0A52366FE9}.Debug|x64.ActiveCfg = Debug|x64
		{3467CAE3-60DE-4C02-9301-5F0A52366FE9}.Debug|x64.Build.0 = Debug|x64
		{3467CAE3-60DE-4C02-9301-5F0A52366FE9}.Debug|x86.ActiveCfg = Debug|Win32
		{3467CAE3-60DE-4C02-9301-5F0A52366FE9}.Debug|x86.Build.0 = Debug|Win32
		{3467CAE3-60DE-4C02-9301-5F0A52366FE9}.Release|x64.ActiveCfg = Release|x64
		{3467CAE3-60DE-4C02-9301-5F0A52366FE9}.Release|x64.Build.0 = Release|x64
		{3467CAE3-60DE-4C02-9301-5F0A52366FE9}.Release|x86.ActiveCfg = Release|Win32
		{3467CAE3-60DE-4C02-9301-5F0A52366FE9}.Release|x86.Build.0 = Release|Win32
	EndGlobalSection
	GlobalSection(SolutionProperties) = preSolution
		HideSolutionNode = FALSE
	EndGlobalSection
	GlobalSection(ExtensibilityGlobals) = postSolution
		SolutionGuid = {A42EBF8A-2CD3-43EC-A577-A102425E4AA4}
	EndGlobalSection
EndGlobal
